// !$*UTF8*$!
{
	archiveVersion = 1;
	classes = {
	};
	objectVersion = 77;
	objects = {

/* Begin PBXContainerItemProxy section */
		CEEA3CF62D70DDE6006C5F50 /* PBXContainerItemProxy */ = {
			isa = PBXContainerItemProxy;
			containerPortal = CEEA3CDD2D70DDE3006C5F50 /* Project object */;
			proxyType = 1;
			remoteGlobalIDString = CEEA3CE42D70DDE3006C5F50;
			remoteInfo = NuffParlayBuilder;
		};
		CEEA3D002D70DDE6006C5F50 /* PBXContainerItemProxy */ = {
			isa = PBXContainerItemProxy;
			containerPortal = CEEA3CDD2D70DDE3006C5F50 /* Project object */;
			proxyType = 1;
			remoteGlobalIDString = CEEA3CE42D70DDE3006C5F50;
			remoteInfo = NuffParlayBuilder;
		};
/* End PBXContainerItemProxy section */

/* Begin PBXFileReference section */
		CEEA3CE52D70DDE3006C5F50 /* NuffParlayBuilder.app */ = {isa = PBXFileReference; explicitFileType = wrapper.application; includeInIndex = 0; path = NuffParlayBuilder.app; sourceTree = BUILT_PRODUCTS_DIR; };
		CEEA3CF52D70DDE6006C5F50 /* NuffParlayBuilderTests.xctest */ = {isa = PBXFileReference; explicitFileType = wrapper.cfbundle; includeInIndex = 0; path = NuffParlayBuilderTests.xctest; sourceTree = BUILT_PRODUCTS_DIR; };
		CEEA3CFF2D70DDE6006C5F50 /* NuffParlayBuilderUITests.xctest */ = {isa = PBXFileReference; explicitFileType = wrapper.cfbundle; includeInIndex = 0; path = NuffParlayBuilderUITests.xctest; sourceTree = BUILT_PRODUCTS_DIR; };
/* End PBXFileReference section */

/* Begin PBXFileSystemSynchronizedRootGroup section */
		CEEA3CE72D70DDE3006C5F50 /* NuffParlayBuilder */ = {
			isa = PBXFileSystemSynchronizedRootGroup;
			path = NuffParlayBuilder;
			sourceTree = "<group>";
		};
		CEEA3CF82D70DDE6006C5F50 /* NuffParlayBuilderTests */ = {
			isa = PBXFileSystemSynchronizedRootGroup;
			path = NuffParlayBuilderTests;
			sourceTree = "<group>";
		};
		CEEA3D022D70DDE6006C5F50 /* NuffParlayBuilderUITests */ = {
			isa = PBXFileSystemSynchronizedRootGroup;
			path = NuffParlayBuilderUITests;
			sourceTree = "<group>";
		};
/* End PBXFileSystemSynchronizedRootGroup section */

/* Begin PBXFrameworksBuildPhase section */
		CEEA3CE22D70DDE3006C5F50 /* Frameworks */ = {
			isa = PBXFrameworksBuildPhase;
			buildActionMask = 2147483647;
			files = (
			);
			runOnlyForDeploymentPostprocessing = 0;
		};
		CEEA3CF22D70DDE6006C5F50 /* Frameworks */ = {
			isa = PBXFrameworksBuildPhase;
			buildActionMask = 2147483647;
			files = (
			);
			runOnlyForDeploymentPostprocessing = 0;
		};
		CEEA3CFC2D70DDE6006C5F50 /* Frameworks */ = {
			isa = PBXFrameworksBuildPhase;
			buildActionMask = 2147483647;
			files = (
			);
			runOnlyForDeploymentPostprocessing = 0;
		};
/* End PBXFrameworksBuildPhase section */

/* Begin PBXGroup section */
		CEEA3CDC2D70DDE3006C5F50 = {
			isa = PBXGroup;
			children = (
				CEEA3CE72D70DDE3006C5F50 /* NuffParlayBuilder */,
				CEEA3CF82D70DDE6006C5F50 /* NuffParlayBuilderTests */,
				CEEA3D022D70DDE6006C5F50 /* NuffParlayBuilderUITests */,
				CEEA3CE62D70DDE3006C5F50 /* Products */,
			);
			sourceTree = "<group>";
		};
		CEEA3CE62D70DDE3006C5F50 /* Products */ = {
			isa = PBXGroup;
			children = (
				CEEA3CE52D70DDE3006C5F50 /* NuffParlayBuilder.app */,
				CEEA3CF52D70DDE6006C5F50 /* NuffParlayBuilderTests.xctest */,
				CEEA3CFF2D70DDE6006C5F50 /* NuffParlayBuilderUITests.xctest */,
			);
			name = Products;
			sourceTree = "<group>";
		};
/* End PBXGroup section */

/* Begin PBXNativeTarget section */
		CEEA3CE42D70DDE3006C5F50 /* NuffParlayBuilder */ = {
			isa = PBXNativeTarget;
			buildConfigurationList = CEEA3D092D70DDE6006C5F50 /* Build configuration list for PBXNativeTarget "NuffParlayBuilder" */;
			buildPhases = (
				CEEA3CE12D70DDE3006C5F50 /* Sources */,
				CEEA3CE22D70DDE3006C5F50 /* Frameworks */,
				CEEA3CE32D70DDE3006C5F50 /* Resources */,
			);
			buildRules = (
			);
			dependencies = (
			);
			fileSystemSynchronizedGroups = (
				CEEA3CE72D70DDE3006C5F50 /* NuffParlayBuilder */,
			);
			name = NuffParlayBuilder;
			packageProductDependencies = (
			);
			productName = NuffParlayBuilder;
			productReference = CEEA3CE52D70DDE3006C5F50 /* NuffParlayBuilder.app */;
			productType = "com.apple.product-type.application";
		};
		CEEA3CF42D70DDE6006C5F50 /* NuffParlayBuilderTests */ = {
			isa = PBXNativeTarget;
			buildConfigurationList = CEEA3D0C2D70DDE6006C5F50 /* Build configuration list for PBXNativeTarget "NuffParlayBuilderTests" */;
			buildPhases = (
				CEEA3CF12D70DDE6006C5F50 /* Sources */,
				CEEA3CF22D70DDE6006C5F50 /* Frameworks */,
				CEEA3CF32D70DDE6006C5F50 /* Resources */,
			);
			buildRules = (
			);
			dependencies = (
				CEEA3CF72D70DDE6006C5F50 /* PBXTargetDependency */,
			);
			fileSystemSynchronizedGroups = (
				CEEA3CF82D70DDE6006C5F50 /* NuffParlayBuilderTests */,
			);
			name = NuffParlayBuilderTests;
			packageProductDependencies = (
			);
			productName = NuffParlayBuilderTests;
			productReference = CEEA3CF52D70DDE6006C5F50 /* NuffParlayBuilderTests.xctest */;
			productType = "com.apple.product-type.bundle.unit-test";
		};
		CEEA3CFE2D70DDE6006C5F50 /* NuffParlayBuilderUITests */ = {
			isa = PBXNativeTarget;
			buildConfigurationList = CEEA3D0F2D70DDE6006C5F50 /* Build configuration list for PBXNativeTarget "NuffParlayBuilderUITests" */;
			buildPhases = (
				CEEA3CFB2D70DDE6006C5F50 /* Sources */,
				CEEA3CFC2D70DDE6006C5F50 /* Frameworks */,
				CEEA3CFD2D70DDE6006C5F50 /* Resources */,
			);
			buildRules = (
			);
			dependencies = (
				CEEA3D012D70DDE6006C5F50 /* PBXTargetDependency */,
			);
			fileSystemSynchronizedGroups = (
				CEEA3D022D70DDE6006C5F50 /* NuffParlayBuilderUITests */,
			);
			name = NuffParlayBuilderUITests;
			packageProductDependencies = (
			);
			productName = NuffParlayBuilderUITests;
			productReference = CEEA3CFF2D70DDE6006C5F50 /* NuffParlayBuilderUITests.xctest */;
			productType = "com.apple.product-type.bundle.ui-testing";
		};
/* End PBXNativeTarget section */

/* Begin PBXProject section */
		CEEA3CDD2D70DDE3006C5F50 /* Project object */ = {
			isa = PBXProject;
			attributes = {
				BuildIndependentTargetsInParallel = 1;
				LastSwiftUpdateCheck = 1620;
				LastUpgradeCheck = 1620;
				TargetAttributes = {
					CEEA3CE42D70DDE3006C5F50 = {
						CreatedOnToolsVersion = 16.2;
					};
					CEEA3CF42D70DDE6006C5F50 = {
						CreatedOnToolsVersion = 16.2;
						TestTargetID = CEEA3CE42D70DDE3006C5F50;
					};
					CEEA3CFE2D70DDE6006C5F50 = {
						CreatedOnToolsVersion = 16.2;
						TestTargetID = CEEA3CE42D70DDE3006C5F50;
					};
				};
			};
			buildConfigurationList = CEEA3CE02D70DDE3006C5F50 /* Build configuration list for PBXProject "NuffParlayBuilder" */;
			developmentRegion = en;
			hasScannedForEncodings = 0;
			knownRegions = (
				en,
				Base,
			);
			mainGroup = CEEA3CDC2D70DDE3006C5F50;
			minimizedProjectReferenceProxies = 1;
			preferredProjectObjectVersion = 77;
			productRefGroup = CEEA3CE62D70DDE3006C5F50 /* Products */;
			projectDirPath = "";
			projectRoot = "";
			targets = (
				CEEA3CE42D70DDE3006C5F50 /* NuffParlayBuilder */,
				CEEA3CF42D70DDE6006C5F50 /* NuffParlayBuilderTests */,
				CEEA3CFE2D70DDE6006C5F50 /* NuffParlayBuilderUITests */,
			);
		};
/* End PBXProject section */

/* Begin PBXResourcesBuildPhase section */
		CEEA3CE32D70DDE3006C5F50 /* Resources */ = {
			isa = PBXResourcesBuildPhase;
			buildActionMask = 2147483647;
			files = (
			);
			runOnlyForDeploymentPostprocessing = 0;
		};
		CEEA3CF32D70DDE6006C5F50 /* Resources */ = {
			isa = PBXResourcesBuildPhase;
			buildActionMask = 2147483647;
			files = (
			);
			runOnlyForDeploymentPostprocessing = 0;
		};
		CEEA3CFD2D70DDE6006C5F50 /* Resources */ = {
			isa = PBXResourcesBuildPhase;
			buildActionMask = 2147483647;
			files = (
			);
			runOnlyForDeploymentPostprocessing = 0;
		};
/* End PBXResourcesBuildPhase section */

/* Begin PBXSourcesBuildPhase section */
		CEEA3CE12D70DDE3006C5F50 /* Sources */ = {
			isa = PBXSourcesBuildPhase;
			buildActionMask = 2147483647;
			files = (
			);
			runOnlyForDeploymentPostprocessing = 0;
		};
		CEEA3CF12D70DDE6006C5F50 /* Sources */ = {
			isa = PBXSourcesBuildPhase;
			buildActionMask = 2147483647;
			files = (
			);
			runOnlyForDeploymentPostprocessing = 0;
		};
		CEEA3CFB2D70DDE6006C5F50 /* Sources */ = {
			isa = PBXSourcesBuildPhase;
			buildActionMask = 2147483647;
			files = (
			);
			runOnlyForDeploymentPostprocessing = 0;
		};
/* End PBXSourcesBuildPhase section */

/* Begin PBXTargetDependency section */
		CEEA3CF72D70DDE6006C5F50 /* PBXTargetDependency */ = {
			isa = PBXTargetDependency;
			target = CEEA3CE42D70DDE3006C5F50 /* NuffParlayBuilder */;
			targetProxy = CEEA3CF62D70DDE6006C5F50 /* PBXContainerItemProxy */;
		};
		CEEA3D012D70DDE6006C5F50 /* PBXTargetDependency */ = {
			isa = PBXTargetDependency;
			target = CEEA3CE42D70DDE3006C5F50 /* NuffParlayBuilder */;
			targetProxy = CEEA3D002D70DDE6006C5F50 /* PBXContainerItemProxy */;
		};
/* End PBXTargetDependency section */

/* Begin XCBuildConfiguration section */
		CEEA3D072D70DDE6006C5F50 /* Debug */ = {
			isa = XCBuildConfiguration;
			buildSettings = {
				ALWAYS_SEARCH_USER_PATHS = NO;
				ASSETCATALOG_COMPILER_GENERATE_SWIFT_ASSET_SYMBOL_EXTENSIONS = YES;
				CLANG_ANALYZER_NONNULL = YES;
				CLANG_ANALYZER_NUMBER_OBJECT_CONVERSION = YES_AGGRESSIVE;
				CLANG_CXX_LANGUAGE_STANDARD = "gnu++20";
				CLANG_ENABLE_MODULES = YES;
				CLANG_ENABLE_OBJC_ARC = YES;
				CLANG_ENABLE_OBJC_WEAK = YES;
				CLANG_WARN_BLOCK_CAPTURE_AUTORELEASING = YES;
				CLANG_WARN_BOOL_CONVERSION = YES;
				CLANG_WARN_COMMA = YES;
				CLANG_WARN_CONSTANT_CONVERSION = YES;
				CLANG_WARN_DEPRECATED_OBJC_IMPLEMENTATIONS = YES;
				CLANG_WARN_DIRECT_OBJC_ISA_USAGE = YES_ERROR;
				CLANG_WARN_DOCUMENTATION_COMMENTS = YES;
				CLANG_WARN_EMPTY_BODY = YES;
				CLANG_WARN_ENUM_CONVERSION = YES;
				CLANG_WARN_INFINITE_RECURSION = YES;
				CLANG_WARN_INT_CONVERSION = YES;
				CLANG_WARN_NON_LITERAL_NULL_CONVERSION = YES;
				CLANG_WARN_OBJC_IMPLICIT_RETAIN_SELF = YES;
				CLANG_WARN_OBJC_LITERAL_CONVERSION = YES;
				CLANG_WARN_OBJC_ROOT_CLASS = YES_ERROR;
				CLANG_WARN_QUOTED_INCLUDE_IN_FRAMEWORK_HEADER = YES;
				CLANG_WARN_RANGE_LOOP_ANALYSIS = YES;
				CLANG_WARN_STRICT_PROTOTYPES = YES;
				CLANG_WARN_SUSPICIOUS_MOVE = YES;
				CLANG_WARN_UNGUARDED_AVAILABILITY = YES_AGGRESSIVE;
				CLANG_WARN_UNREACHABLE_CODE = YES;
				CLANG_WARN__DUPLICATE_METHOD_MATCH = YES;
				COPY_PHASE_STRIP = NO;
				DEBUG_INFORMATION_FORMAT = dwarf;
				ENABLE_STRICT_OBJC_MSGSEND = YES;
				ENABLE_TESTABILITY = YES;
				ENABLE_USER_SCRIPT_SANDBOXING = YES;
				GCC_C_LANGUAGE_STANDARD = gnu17;
				GCC_DYNAMIC_NO_PIC = NO;
				GCC_NO_COMMON_BLOCKS = YES;
				GCC_OPTIMIZATION_LEVEL = 0;
				GCC_PREPROCESSOR_DEFINITIONS = (
					"DEBUG=1",
					"$(inherited)",
				);
				GCC_WARN_64_TO_32_BIT_CONVERSION = YES;
				GCC_WARN_ABOUT_RETURN_TYPE = YES_ERROR;
				GCC_WARN_UNDECLARED_SELECTOR = YES;
				GCC_WARN_UNINITIALIZED_AUTOS = YES_AGGRESSIVE;
				GCC_WARN_UNUSED_FUNCTION = YES;
				GCC_WARN_UNUSED_VARIABLE = YES;
				IPHONEOS_DEPLOYMENT_TARGET = 18.2;
				LOCALIZATION_PREFERS_STRING_CATALOGS = YES;
				MTL_ENABLE_DEBUG_INFO = INCLUDE_SOURCE;
				MTL_FAST_MATH = YES;
				ONLY_ACTIVE_ARCH = YES;
				SDKROOT = iphoneos;
				SWIFT_ACTIVE_COMPILATION_CONDITIONS = "DEBUG $(inherited)";
				SWIFT_OPTIMIZATION_LEVEL = "-Onone";
			};
			name = Debug;
		};
		CEEA3D082D70DDE6006C5F50 /* Release */ = {
			isa = XCBuildConfiguration;
			buildSettings = {
				ALWAYS_SEARCH_USER_PATHS = NO;
				ASSETCATALOG_COMPILER_GENERATE_SWIFT_ASSET_SYMBOL_EXTENSIONS = YES;
				CLANG_ANALYZER_NONNULL = YES;
				CLANG_ANALYZER_NUMBER_OBJECT_CONVERSION = YES_AGGRESSIVE;
				CLANG_CXX_LANGUAGE_STANDARD = "gnu++20";
				CLANG_ENABLE_MODULES = YES;
				CLANG_ENABLE_OBJC_ARC = YES;
				CLANG_ENABLE_OBJC_WEAK = YES;
				CLANG_WARN_BLOCK_CAPTURE_AUTORELEASING = YES;
				CLANG_WARN_BOOL_CONVERSION = YES;
				CLANG_WARN_COMMA = YES;
				CLANG_WARN_CONSTANT_CONVERSION = YES;
				CLANG_WARN_DEPRECATED_OBJC_IMPLEMENTATIONS = YES;
				CLANG_WARN_DIRECT_OBJC_ISA_USAGE = YES_ERROR;
				CLANG_WARN_DOCUMENTATION_COMMENTS = YES;
				CLANG_WARN_EMPTY_BODY = YES;
				CLANG_WARN_ENUM_CONVERSION = YES;
				CLANG_WARN_INFINITE_RECURSION = YES;
				CLANG_WARN_INT_CONVERSION = YES;
				CLANG_WARN_NON_LITERAL_NULL_CONVERSION = YES;
				CLANG_WARN_OBJC_IMPLICIT_RETAIN_SELF = YES;
				CLANG_WARN_OBJC_LITERAL_CONVERSION = YES;
				CLANG_WARN_OBJC_ROOT_CLASS = YES_ERROR;
				CLANG_WARN_QUOTED_INCLUDE_IN_FRAMEWORK_HEADER = YES;
				CLANG_WARN_RANGE_LOOP_ANALYSIS = YES;
				CLANG_WARN_STRICT_PROTOTYPES = YES;
				CLANG_WARN_SUSPICIOUS_MOVE = YES;
				CLANG_WARN_UNGUARDED_AVAILABILITY = YES_AGGRESSIVE;
				CLANG_WARN_UNREACHABLE_CODE = YES;
				CLANG_WARN__DUPLICATE_METHOD_MATCH = YES;
				COPY_PHASE_STRIP = NO;
				DEBUG_INFORMATION_FORMAT = "dwarf-with-dsym";
				ENABLE_NS_ASSERTIONS = NO;
				ENABLE_STRICT_OBJC_MSGSEND = YES;
				ENABLE_USER_SCRIPT_SANDBOXING = YES;
				GCC_C_LANGUAGE_STANDARD = gnu17;
				GCC_NO_COMMON_BLOCKS = YES;
				GCC_WARN_64_TO_32_BIT_CONVERSION = YES;
				GCC_WARN_ABOUT_RETURN_TYPE = YES_ERROR;
				GCC_WARN_UNDECLARED_SELECTOR = YES;
				GCC_WARN_UNINITIALIZED_AUTOS = YES_AGGRESSIVE;
				GCC_WARN_UNUSED_FUNCTION = YES;
				GCC_WARN_UNUSED_VARIABLE = YES;
				IPHONEOS_DEPLOYMENT_TARGET = 18.2;
				LOCALIZATION_PREFERS_STRING_CATALOGS = YES;
				MTL_ENABLE_DEBUG_INFO = NO;
				MTL_FAST_MATH = YES;
				SDKROOT = iphoneos;
				SWIFT_COMPILATION_MODE = wholemodule;
				VALIDATE_PRODUCT = YES;
			};
			name = Release;
		};
		CEEA3D0A2D70DDE6006C5F50 /* Debug */ = {
			isa = XCBuildConfiguration;
			buildSettings = {
				ASSETCATALOG_COMPILER_APPICON_NAME = AppIcon;
				ASSETCATALOG_COMPILER_GLOBAL_ACCENT_COLOR_NAME = AccentColor;
				CODE_SIGN_STYLE = Automatic;
				CURRENT_PROJECT_VERSION = 1;
				DEVELOPMENT_ASSET_PATHS = "\"NuffParlayBuilder/Preview Content\"";
				ENABLE_PREVIEWS = YES;
				GENERATE_INFOPLIST_FILE = YES;
				INFOPLIST_KEY_UIApplicationSceneManifest_Generation = YES;
				INFOPLIST_KEY_UIApplicationSupportsIndirectInputEvents = YES;
				INFOPLIST_KEY_UILaunchScreen_Generation = YES;
				INFOPLIST_KEY_UISupportedInterfaceOrientations_iPad = "UIInterfaceOrientationPortrait UIInterfaceOrientationPortraitUpsideDown UIInterfaceOrientationLandscapeLeft UIInterfaceOrientationLandscapeRight";
				INFOPLIST_KEY_UISupportedInterfaceOrientations_iPhone = "UIInterfaceOrientationPortrait UIInterfaceOrientationLandscapeLeft UIInterfaceOrientationLandscapeRight";
				LD_RUNPATH_SEARCH_PATHS = (
					"$(inherited)",
					"@executable_path/Frameworks",
				);
				MARKETING_VERSION = 1.0;
				PRODUCT_BUNDLE_IDENTIFIER = Nuffboys.NuffParlayBuilder;
				PRODUCT_NAME = "$(TARGET_NAME)";
				SWIFT_EMIT_LOC_STRINGS = YES;
				SWIFT_VERSION = 5.0;
				TARGETED_DEVICE_FAMILY = "1,2";
			};
			name = Debug;
		};
		CEEA3D0B2D70DDE6006C5F50 /* Release */ = {
			isa = XCBuildConfiguration;
			buildSettings = {
				ASSETCATALOG_COMPILER_APPICON_NAME = AppIcon;
				ASSETCATALOG_COMPILER_GLOBAL_ACCENT_COLOR_NAME = AccentColor;
				CODE_SIGN_STYLE = Automatic;
				CURRENT_PROJECT_VERSION = 1;
				DEVELOPMENT_ASSET_PATHS = "\"NuffParlayBuilder/Preview Content\"";
				ENABLE_PREVIEWS = YES;
				GENERATE_INFOPLIST_FILE = YES;
				INFOPLIST_KEY_UIApplicationSceneManifest_Generation = YES;
				INFOPLIST_KEY_UIApplicationSupportsIndirectInputEvents = YES;
				INFOPLIST_KEY_UILaunchScreen_Generation = YES;
				INFOPLIST_KEY_UISupportedInterfaceOrientations_iPad = "UIInterfaceOrientationPortrait UIInterfaceOrientationPortraitUpsideDown UIInterfaceOrientationLandscapeLeft UIInterfaceOrientationLandscapeRight";
				INFOPLIST_KEY_UISupportedInterfaceOrientations_iPhone = "UIInterfaceOrientationPortrait UIInterfaceOrientationLandscapeLeft UIInterfaceOrientationLandscapeRight";
				LD_RUNPATH_SEARCH_PATHS = (
					"$(inherited)",
					"@executable_path/Frameworks",
				);
				MARKETING_VERSION = 1.0;
				PRODUCT_BUNDLE_IDENTIFIER = Nuffboys.NuffParlayBuilder;
				PRODUCT_NAME = "$(TARGET_NAME)";
				SWIFT_EMIT_LOC_STRINGS = YES;
				SWIFT_VERSION = 5.0;
				TARGETED_DEVICE_FAMILY = "1,2";
			};
			name = Release;
		};
		CEEA3D0D2D70DDE6006C5F50 /* Debug */ = {
			isa = XCBuildConfiguration;
			buildSettings = {
				BUNDLE_LOADER = "$(TEST_HOST)";
				CODE_SIGN_STYLE = Automatic;
				CURRENT_PROJECT_VERSION = 1;
				GENERATE_INFOPLIST_FILE = YES;
				IPHONEOS_DEPLOYMENT_TARGET = 18.2;
				MARKETING_VERSION = 1.0;
				PRODUCT_BUNDLE_IDENTIFIER = Nuffboys.NuffParlayBuilderTests;
				PRODUCT_NAME = "$(TARGET_NAME)";
				SWIFT_EMIT_LOC_STRINGS = NO;
				SWIFT_VERSION = 5.0;
				TARGETED_DEVICE_FAMILY = "1,2";
				TEST_HOST = "$(BUILT_PRODUCTS_DIR)/NuffParlayBuilder.app/$(BUNDLE_EXECUTABLE_FOLDER_PATH)/NuffParlayBuilder";
			};
			name = Debug;
		};
		CEEA3D0E2D70DDE6006C5F50 /* Release */ = {
			isa = XCBuildConfiguration;
			buildSettings = {
				BUNDLE_LOADER = "$(TEST_HOST)";
				CODE_SIGN_STYLE = Automatic;
				CURRENT_PROJECT_VERSION = 1;
				GENERATE_INFOPLIST_FILE = YES;
				IPHONEOS_DEPLOYMENT_TARGET = 18.2;
				MARKETING_VERSION = 1.0;
				PRODUCT_BUNDLE_IDENTIFIER = Nuffboys.NuffParlayBuilderTests;
				PRODUCT_NAME = "$(TARGET_NAME)";
				SWIFT_EMIT_LOC_STRINGS = NO;
				SWIFT_VERSION = 5.0;
				TARGETED_DEVICE_FAMILY = "1,2";
				TEST_HOST = "$(BUILT_PRODUCTS_DIR)/NuffParlayBuilder.app/$(BUNDLE_EXECUTABLE_FOLDER_PATH)/NuffParlayBuilder";
			};
			name = Release;
		};
		CEEA3D102D70DDE6006C5F50 /* Debug */ = {
			isa = XCBuildConfiguration;
			buildSettings = {
				CODE_SIGN_STYLE = Automatic;
				CURRENT_PROJECT_VERSION = 1;
				GENERATE_INFOPLIST_FILE = YES;
				MARKETING_VERSION = 1.0;
				PRODUCT_BUNDLE_IDENTIFIER = Nuffboys.NuffParlayBuilderUITests;
				PRODUCT_NAME = "$(TARGET_NAME)";
				SWIFT_EMIT_LOC_STRINGS = NO;
				SWIFT_VERSION = 5.0;
				TARGETED_DEVICE_FAMILY = "1,2";
				TEST_TARGET_NAME = NuffParlayBuilder;
			};
			name = Debug;
		};
		CEEA3D112D70DDE6006C5F50 /* Release */ = {
			isa = XCBuildConfiguration;
			buildSettings = {
				CODE_SIGN_STYLE = Automatic;
				CURRENT_PROJECT_VERSION = 1;
				GENERATE_INFOPLIST_FILE = YES;
				MARKETING_VERSION = 1.0;
				PRODUCT_BUNDLE_IDENTIFIER = Nuffboys.NuffParlayBuilderUITests;
				PRODUCT_NAME = "$(TARGET_NAME)";
				SWIFT_EMIT_LOC_STRINGS = NO;
				SWIFT_VERSION = 5.0;
				TARGETED_DEVICE_FAMILY = "1,2";
				TEST_TARGET_NAME = NuffParlayBuilder;
			};
			name = Release;
		};
/* End XCBuildConfiguration section */

/* Begin XCConfigurationList section */
		CEEA3CE02D70DDE3006C5F50 /* Build configuration list for PBXProject "NuffParlayBuilder" */ = {
			isa = XCConfigurationList;
			buildConfigurations = (
				CEEA3D072D70DDE6006C5F50 /* Debug */,
				CEEA3D082D70DDE6006C5F50 /* Release */,
			);
			defaultConfigurationIsVisible = 0;
			defaultConfigurationName = Release;
		};
		CEEA3D092D70DDE6006C5F50 /* Build configuration list for PBXNativeTarget "NuffParlayBuilder" */ = {
			isa = XCConfigurationList;
			buildConfigurations = (
				CEEA3D0A2D70DDE6006C5F50 /* Debug */,
				CEEA3D0B2D70DDE6006C5F50 /* Release */,
			);
			defaultConfigurationIsVisible = 0;
			defaultConfigurationName = Release;
		};
		CEEA3D0C2D70DDE6006C5F50 /* Build configuration list for PBXNativeTarget "NuffParlayBuilderTests" */ = {
			isa = XCConfigurationList;
			buildConfigurations = (
				CEEA3D0D2D70DDE6006C5F50 /* Debug */,
				CEEA3D0E2D70DDE6006C5F50 /* Release */,
			);
			defaultConfigurationIsVisible = 0;
			defaultConfigurationName = Release;
		};
		CEEA3D0F2D70DDE6006C5F50 /* Build configuration list for PBXNativeTarget "NuffParlayBuilderUITests" */ = {
			isa = XCConfigurationList;
			buildConfigurations = (
				CEEA3D102D70DDE6006C5F50 /* Debug */,
				CEEA3D112D70DDE6006C5F50 /* Release */,
			);
			defaultConfigurationIsVisible = 0;
			defaultConfigurationName = Release;
		};
/* End XCConfigurationList section */
	};
	rootObject = CEEA3CDD2D70DDE3006C5F50 /* Project object */;
}
